
Microsoft Visual Studio Solution File, Format Version 12.00
# Visual Studio 15
VisualStudioVersion = 15.0.28010.2046
MinimumVisualStudioVersion = 10.0.40219.1
Project("{FAE04EC0-301F-11D3-BF4B-00C04F79EFBC}") = "homework10", "homework7\homework10.csproj", "{A736AFC8-4520-40A1-A2E6-7EDC14B5341E}"
EndProject
Project("{FAE04EC0-301F-11D3-BF4B-00C04F79EFBC}") = "homework10_2", "homework6\homework10_2.csproj", "{63971C54-F046-43E7-8690-A3000EF36A0D}"
EndProject
Global
	GlobalSection(SolutionConfigurationPlatforms) = preSolution
		Debug|Any CPU = Debug|Any CPU
		Release|Any CPU = Release|Any CPU
	EndGlobalSection
	GlobalSection(ProjectConfigurationPlatforms) = postSolution
		{A736AFC8-4520-40A1-A2E6-7EDC14B5341E}.Debug|Any CPU.ActiveCfg = Debug|Any CPU
		{A736AFC8-4520-40A1-A2E6-7EDC14B5341E}.Debug|Any CPU.Build.0 = Debug|Any CPU
		{A736AFC8-4520-40A1-A2E6-7EDC14B5341E}.Release|Any CPU.ActiveCfg = Release|Any CPU
		{A736AFC8-4520-40A1-A2E6-7EDC14B5341E}.Release|Any CPU.Build.0 = Release|Any CPU
		{63971C54-F046-43E7-8690-A3000EF36A0D}.Debug|Any CPU.ActiveCfg = Debug|Any CPU
		{63971C54-F046-43E7-8690-A3000EF36A0D}.Debug|Any CPU.Build.0 = Debug|Any CPU
		{63971C54-F046-43E7-8690-A3000EF36A0D}.Release|Any CPU.ActiveCfg = Release|Any CPU
		{63971C54-F046-43E7-8690-A3000EF36A0D}.Release|Any CPU.Build.0 = Release|Any CPU
	EndGlobalSection
	GlobalSection(SolutionProperties) = preSolution
		HideSolutionNode = FALSE
	EndGlobalSection
	GlobalSection(ExtensibilityGlobals) = postSolution
		SolutionGuid = {F09E0D1F-2973-4DF9-910F-9E608C5FCA00}
	EndGlobalSection
EndGlobal
