
Microsoft Visual Studio Solution File, Format Version 12.00
# Visual Studio 15
VisualStudioVersion = 15.0.27703.2047
MinimumVisualStudioVersion = 10.0.40219.1
Project("{FAE04EC0-301F-11D3-BF4B-00C04F79EFBC}") = "控制台-作业1-输入数字计算乘积", "控制台-作业1-输入数字计算乘积\控制台-作业1-输入数字计算乘积.csproj", "{6C48F1E2-050A-42B6-94DA-C999D61C0F3A}"
EndProject
Global
	GlobalSection(SolutionConfigurationPlatforms) = preSolution
		Debug|Any CPU = Debug|Any CPU
		Release|Any CPU = Release|Any CPU
	EndGlobalSection
	GlobalSection(ProjectConfigurationPlatforms) = postSolution
		{6C48F1E2-050A-42B6-94DA-C999D61C0F3A}.Debug|Any CPU.ActiveCfg = Debug|Any CPU
		{6C48F1E2-050A-42B6-94DA-C999D61C0F3A}.Debug|Any CPU.Build.0 = Debug|Any CPU
		{6C48F1E2-050A-42B6-94DA-C999D61C0F3A}.Release|Any CPU.ActiveCfg = Release|Any CPU
		{6C48F1E2-050A-42B6-94DA-C999D61C0F3A}.Release|Any CPU.Build.0 = Release|Any CPU
	EndGlobalSection
	GlobalSection(SolutionProperties) = preSolution
		HideSolutionNode = FALSE
	EndGlobalSection
	GlobalSection(ExtensibilityGlobals) = postSolution
		SolutionGuid = {4815B6A4-6C37-48D5-B16F-CCA8084A9A0B}
	EndGlobalSection
EndGlobal
