
Microsoft Visual Studio Solution File, Format Version 12.00
# Visual Studio 15
VisualStudioVersion = 15.0.27703.2047
MinimumVisualStudioVersion = 10.0.40219.1
Project("{FAE04EC0-301F-11D3-BF4B-00C04F79EFBC}") = "homework4", "homework4\homework4.csproj", "{F6B7B05B-A751-4C5A-A10F-398AC6B34776}"
EndProject
Project("{FAE04EC0-301F-11D3-BF4B-00C04F79EFBC}") = "homework4_2", "homework4_2\homework4_2.csproj", "{2325EAAC-0798-4588-BE88-7480DD8EB448}"
EndProject
Global
	GlobalSection(SolutionConfigurationPlatforms) = preSolution
		Debug|Any CPU = Debug|Any CPU
		Release|Any CPU = Release|Any CPU
	EndGlobalSection
	GlobalSection(ProjectConfigurationPlatforms) = postSolution
		{F6B7B05B-A751-4C5A-A10F-398AC6B34776}.Debug|Any CPU.ActiveCfg = Debug|Any CPU
		{F6B7B05B-A751-4C5A-A10F-398AC6B34776}.Debug|Any CPU.Build.0 = Debug|Any CPU
		{F6B7B05B-A751-4C5A-A10F-398AC6B34776}.Release|Any CPU.ActiveCfg = Release|Any CPU
		{F6B7B05B-A751-4C5A-A10F-398AC6B34776}.Release|Any CPU.Build.0 = Release|Any CPU
		{2325EAAC-0798-4588-BE88-7480DD8EB448}.Debug|Any CPU.ActiveCfg = Debug|Any CPU
		{2325EAAC-0798-4588-BE88-7480DD8EB448}.Debug|Any CPU.Build.0 = Debug|Any CPU
		{2325EAAC-0798-4588-BE88-7480DD8EB448}.Release|Any CPU.ActiveCfg = Release|Any CPU
		{2325EAAC-0798-4588-BE88-7480DD8EB448}.Release|Any CPU.Build.0 = Release|Any CPU
	EndGlobalSection
	GlobalSection(SolutionProperties) = preSolution
		HideSolutionNode = FALSE
	EndGlobalSection
	GlobalSection(ExtensibilityGlobals) = postSolution
		SolutionGuid = {E8165B7D-EDA1-4713-8504-765E27DF3562}
	EndGlobalSection
EndGlobal
